// !$*UTF8*$!
{
	archiveVersion = 1;
	classes = {
	};
	objectVersion = 50;
	objects = {

/* Begin PBXBuildFile section */
		FA27F5A02140C75D00BDDA9F /* AppDelegate.swift in Sources */ = {isa = PBXBuildFile; fileRef = FA27F59F2140C75D00BDDA9F /* AppDelegate.swift */; };
		FA27F5A22140C75D00BDDA9F /* TypeaheadViewController.swift in Sources */ = {isa = PBXBuildFile; fileRef = FA27F5A12140C75D00BDDA9F /* TypeaheadViewController.swift */; };
		FA27F5A52140C75D00BDDA9F /* Main.storyboard in Resources */ = {isa = PBXBuildFile; fileRef = FA27F5A32140C75D00BDDA9F /* Main.storyboard */; };
		FA27F5A72140C75E00BDDA9F /* Assets.xcassets in Resources */ = {isa = PBXBuildFile; fileRef = FA27F5A62140C75E00BDDA9F /* Assets.xcassets */; };
		FA27F5AA2140C75E00BDDA9F /* LaunchScreen.storyboard in Resources */ = {isa = PBXBuildFile; fileRef = FA27F5A82140C75E00BDDA9F /* LaunchScreen.storyboard */; };
		FA27F5B52140C75E00BDDA9F /* CapitalOneInterviewTests.swift in Sources */ = {isa = PBXBuildFile; fileRef = FA27F5B42140C75E00BDDA9F /* CapitalOneInterviewTests.swift */; };
		FA27F5C02140C75E00BDDA9F /* CapitalOneInterviewUITests.swift in Sources */ = {isa = PBXBuildFile; fileRef = FA27F5BF2140C75E00BDDA9F /* CapitalOneInterviewUITests.swift */; };
		FA27F5CE2140C86200BDDA9F /* SearchResult.swift in Sources */ = {isa = PBXBuildFile; fileRef = FA27F5CD2140C86200BDDA9F /* SearchResult.swift */; };
		FA27F5D02140C98300BDDA9F /* AutocompleteService.swift in Sources */ = {isa = PBXBuildFile; fileRef = FA27F5CF2140C98300BDDA9F /* AutocompleteService.swift */; };
		FA27F5D22140CD1900BDDA9F /* SearchResultCell.swift in Sources */ = {isa = PBXBuildFile; fileRef = FA27F5D12140CD1900BDDA9F /* SearchResultCell.swift */; };
		FA336D5C217FF8F200C07DBA /* TypeaheadViewController.m in Sources */ = {isa = PBXBuildFile; fileRef = FA336D5B217FF8F200C07DBA /* TypeaheadViewController.m */; };
		FA8C8C69218000F600C4D8D3 /* SearchResultCell.m in Sources */ = {isa = PBXBuildFile; fileRef = FA8C8C68218000F600C4D8D3 /* SearchResultCell.m */; };
		FA8C8C6C2180024B00C4D8D3 /* SearchResult.m in Sources */ = {isa = PBXBuildFile; fileRef = FA8C8C6B2180024B00C4D8D3 /* SearchResult.m */; };
		FA8C8C6F218005DC00C4D8D3 /* AutocompleteService.m in Sources */ = {isa = PBXBuildFile; fileRef = FA8C8C6E218005DC00C4D8D3 /* AutocompleteService.m */; };
		FA8C8C7221800B1600C4D8D3 /* SolutionTypeaheadViewController.swift in Sources */ = {isa = PBXBuildFile; fileRef = FA8C8C7121800B1600C4D8D3 /* SolutionTypeaheadViewController.swift */; };
		FA8C8C7521800B3000C4D8D3 /* SolutionTypeaheadViewController.m in Sources */ = {isa = PBXBuildFile; fileRef = FA8C8C7421800B3000C4D8D3 /* SolutionTypeaheadViewController.m */; };
/* End PBXBuildFile section */

/* Begin PBXContainerItemProxy section */
		FA27F5B12140C75E00BDDA9F /* PBXContainerItemProxy */ = {
			isa = PBXContainerItemProxy;
			containerPortal = FA27F5942140C75C00BDDA9F /* Project object */;
			proxyType = 1;
			remoteGlobalIDString = FA27F59B2140C75D00BDDA9F;
			remoteInfo = CapitalOneInterview;
		};
		FA27F5BC2140C75E00BDDA9F /* PBXContainerItemProxy */ = {
			isa = PBXContainerItemProxy;
			containerPortal = FA27F5942140C75C00BDDA9F /* Project object */;
			proxyType = 1;
			remoteGlobalIDString = FA27F59B2140C75D00BDDA9F;
			remoteInfo = CapitalOneInterview;
		};
/* End PBXContainerItemProxy section */

/* Begin PBXFileReference section */
		FA27F59C2140C75D00BDDA9F /* CapitalOneInterview.app */ = {isa = PBXFileReference; explicitFileType = wrapper.application; includeInIndex = 0; path = CapitalOneInterview.app; sourceTree = BUILT_PRODUCTS_DIR; };
		FA27F59F2140C75D00BDDA9F /* AppDelegate.swift */ = {isa = PBXFileReference; lastKnownFileType = sourcecode.swift; path = AppDelegate.swift; sourceTree = "<group>"; };
		FA27F5A12140C75D00BDDA9F /* TypeaheadViewController.swift */ = {isa = PBXFileReference; lastKnownFileType = sourcecode.swift; path = TypeaheadViewController.swift; sourceTree = "<group>"; };
		FA27F5A42140C75D00BDDA9F /* Base */ = {isa = PBXFileReference; lastKnownFileType = file.storyboard; name = Base; path = Base.lproj/Main.storyboard; sourceTree = "<group>"; };
		FA27F5A62140C75E00BDDA9F /* Assets.xcassets */ = {isa = PBXFileReference; lastKnownFileType = folder.assetcatalog; path = Assets.xcassets; sourceTree = "<group>"; };
		FA27F5A92140C75E00BDDA9F /* Base */ = {isa = PBXFileReference; lastKnownFileType = file.storyboard; name = Base; path = Base.lproj/LaunchScreen.storyboard; sourceTree = "<group>"; };
		FA27F5AB2140C75E00BDDA9F /* Info.plist */ = {isa = PBXFileReference; lastKnownFileType = text.plist.xml; path = Info.plist; sourceTree = "<group>"; };
		FA27F5B02140C75E00BDDA9F /* CapitalOneInterviewTests.xctest */ = {isa = PBXFileReference; explicitFileType = wrapper.cfbundle; includeInIndex = 0; path = CapitalOneInterviewTests.xctest; sourceTree = BUILT_PRODUCTS_DIR; };
		FA27F5B42140C75E00BDDA9F /* CapitalOneInterviewTests.swift */ = {isa = PBXFileReference; lastKnownFileType = sourcecode.swift; path = CapitalOneInterviewTests.swift; sourceTree = "<group>"; };
		FA27F5B62140C75E00BDDA9F /* Info.plist */ = {isa = PBXFileReference; lastKnownFileType = text.plist.xml; path = Info.plist; sourceTree = "<group>"; };
		FA27F5BB2140C75E00BDDA9F /* CapitalOneInterviewUITests.xctest */ = {isa = PBXFileReference; explicitFileType = wrapper.cfbundle; includeInIndex = 0; path = CapitalOneInterviewUITests.xctest; sourceTree = BUILT_PRODUCTS_DIR; };
		FA27F5BF2140C75E00BDDA9F /* CapitalOneInterviewUITests.swift */ = {isa = PBXFileReference; lastKnownFileType = sourcecode.swift; path = CapitalOneInterviewUITests.swift; sourceTree = "<group>"; };
		FA27F5C12140C75E00BDDA9F /* Info.plist */ = {isa = PBXFileReference; lastKnownFileType = text.plist.xml; path = Info.plist; sourceTree = "<group>"; };
		FA27F5CD2140C86200BDDA9F /* SearchResult.swift */ = {isa = PBXFileReference; lastKnownFileType = sourcecode.swift; path = SearchResult.swift; sourceTree = "<group>"; };
		FA27F5CF2140C98300BDDA9F /* AutocompleteService.swift */ = {isa = PBXFileReference; lastKnownFileType = sourcecode.swift; path = AutocompleteService.swift; sourceTree = "<group>"; };
		FA27F5D12140CD1900BDDA9F /* SearchResultCell.swift */ = {isa = PBXFileReference; lastKnownFileType = sourcecode.swift; path = SearchResultCell.swift; sourceTree = "<group>"; };
		FA336D59217FF8F200C07DBA /* CapitalOneInterview-Bridging-Header.h */ = {isa = PBXFileReference; lastKnownFileType = sourcecode.c.h; path = "CapitalOneInterview-Bridging-Header.h"; sourceTree = "<group>"; };
		FA336D5A217FF8F200C07DBA /* TypeaheadViewController.h */ = {isa = PBXFileReference; lastKnownFileType = sourcecode.c.h; path = TypeaheadViewController.h; sourceTree = "<group>"; };
		FA336D5B217FF8F200C07DBA /* TypeaheadViewController.m */ = {isa = PBXFileReference; lastKnownFileType = sourcecode.c.objc; path = TypeaheadViewController.m; sourceTree = "<group>"; };
		FA8C8C67218000F600C4D8D3 /* SearchResultCell.h */ = {isa = PBXFileReference; lastKnownFileType = sourcecode.c.h; path = SearchResultCell.h; sourceTree = "<group>"; };
		FA8C8C68218000F600C4D8D3 /* SearchResultCell.m */ = {isa = PBXFileReference; lastKnownFileType = sourcecode.c.objc; path = SearchResultCell.m; sourceTree = "<group>"; };
		FA8C8C6A2180024B00C4D8D3 /* SearchResult.h */ = {isa = PBXFileReference; lastKnownFileType = sourcecode.c.h; path = SearchResult.h; sourceTree = "<group>"; };
		FA8C8C6B2180024B00C4D8D3 /* SearchResult.m */ = {isa = PBXFileReference; lastKnownFileType = sourcecode.c.objc; path = SearchResult.m; sourceTree = "<group>"; };
		FA8C8C6D218005DC00C4D8D3 /* AutocompleteService.h */ = {isa = PBXFileReference; lastKnownFileType = sourcecode.c.h; path = AutocompleteService.h; sourceTree = "<group>"; };
		FA8C8C6E218005DC00C4D8D3 /* AutocompleteService.m */ = {isa = PBXFileReference; lastKnownFileType = sourcecode.c.objc; path = AutocompleteService.m; sourceTree = "<group>"; };
		FA8C8C7121800B1600C4D8D3 /* SolutionTypeaheadViewController.swift */ = {isa = PBXFileReference; fileEncoding = 4; lastKnownFileType = sourcecode.swift; path = SolutionTypeaheadViewController.swift; sourceTree = "<group>"; };
		FA8C8C7321800B3000C4D8D3 /* SolutionTypeaheadViewController.h */ = {isa = PBXFileReference; lastKnownFileType = sourcecode.c.h; path = SolutionTypeaheadViewController.h; sourceTree = "<group>"; };
		FA8C8C7421800B3000C4D8D3 /* SolutionTypeaheadViewController.m */ = {isa = PBXFileReference; lastKnownFileType = sourcecode.c.objc; path = SolutionTypeaheadViewController.m; sourceTree = "<group>"; };
/* End PBXFileReference section */

/* Begin PBXFrameworksBuildPhase section */
		FA27F5992140C75D00BDDA9F /* Frameworks */ = {
			isa = PBXFrameworksBuildPhase;
			buildActionMask = 2147483647;
			files = (
			);
			runOnlyForDeploymentPostprocessing = 0;
		};
		FA27F5AD2140C75E00BDDA9F /* Frameworks */ = {
			isa = PBXFrameworksBuildPhase;
			buildActionMask = 2147483647;
			files = (
			);
			runOnlyForDeploymentPostprocessing = 0;
		};
		FA27F5B82140C75E00BDDA9F /* Frameworks */ = {
			isa = PBXFrameworksBuildPhase;
			buildActionMask = 2147483647;
			files = (
			);
			runOnlyForDeploymentPostprocessing = 0;
		};
/* End PBXFrameworksBuildPhase section */

/* Begin PBXGroup section */
		FA27F5932140C75C00BDDA9F = {
			isa = PBXGroup;
			children = (
				FA27F59E2140C75D00BDDA9F /* CapitalOneInterview */,
				FA27F5B32140C75E00BDDA9F /* CapitalOneInterviewTests */,
				FA27F5BE2140C75E00BDDA9F /* CapitalOneInterviewUITests */,
				FA27F59D2140C75D00BDDA9F /* Products */,
			);
			sourceTree = "<group>";
		};
		FA27F59D2140C75D00BDDA9F /* Products */ = {
			isa = PBXGroup;
			children = (
				FA27F59C2140C75D00BDDA9F /* CapitalOneInterview.app */,
				FA27F5B02140C75E00BDDA9F /* CapitalOneInterviewTests.xctest */,
				FA27F5BB2140C75E00BDDA9F /* CapitalOneInterviewUITests.xctest */,
			);
			name = Products;
			sourceTree = "<group>";
		};
		FA27F59E2140C75D00BDDA9F /* CapitalOneInterview */ = {
			isa = PBXGroup;
			children = (
				FA8C8C7021800B1600C4D8D3 /* Solution */,
				FA336D5E217FF95100C07DBA /* ObjC */,
				FA336D5D217FF92300C07DBA /* Swift */,
				FA27F59F2140C75D00BDDA9F /* AppDelegate.swift */,
				FA27F5A32140C75D00BDDA9F /* Main.storyboard */,
				FA27F5A62140C75E00BDDA9F /* Assets.xcassets */,
				FA27F5A82140C75E00BDDA9F /* LaunchScreen.storyboard */,
				FA27F5AB2140C75E00BDDA9F /* Info.plist */,
				FA336D59217FF8F200C07DBA /* CapitalOneInterview-Bridging-Header.h */,
			);
			path = CapitalOneInterview;
			sourceTree = "<group>";
		};
		FA27F5B32140C75E00BDDA9F /* CapitalOneInterviewTests */ = {
			isa = PBXGroup;
			children = (
				FA27F5B42140C75E00BDDA9F /* CapitalOneInterviewTests.swift */,
				FA27F5B62140C75E00BDDA9F /* Info.plist */,
			);
			path = CapitalOneInterviewTests;
			sourceTree = "<group>";
		};
		FA27F5BE2140C75E00BDDA9F /* CapitalOneInterviewUITests */ = {
			isa = PBXGroup;
			children = (
				FA27F5BF2140C75E00BDDA9F /* CapitalOneInterviewUITests.swift */,
				FA27F5C12140C75E00BDDA9F /* Info.plist */,
			);
			path = CapitalOneInterviewUITests;
			sourceTree = "<group>";
		};
		FA336D5D217FF92300C07DBA /* Swift */ = {
			isa = PBXGroup;
			children = (
				FA27F5CD2140C86200BDDA9F /* SearchResult.swift */,
				FA27F5A12140C75D00BDDA9F /* TypeaheadViewController.swift */,
				FA27F5CF2140C98300BDDA9F /* AutocompleteService.swift */,
				FA27F5D12140CD1900BDDA9F /* SearchResultCell.swift */,
			);
			path = Swift;
			sourceTree = "<group>";
		};
		FA336D5E217FF95100C07DBA /* ObjC */ = {
			isa = PBXGroup;
			children = (
				FA336D5A217FF8F200C07DBA /* TypeaheadViewController.h */,
				FA336D5B217FF8F200C07DBA /* TypeaheadViewController.m */,
				FA8C8C67218000F600C4D8D3 /* SearchResultCell.h */,
				FA8C8C68218000F600C4D8D3 /* SearchResultCell.m */,
				FA8C8C6A2180024B00C4D8D3 /* SearchResult.h */,
				FA8C8C6B2180024B00C4D8D3 /* SearchResult.m */,
				FA8C8C6D218005DC00C4D8D3 /* AutocompleteService.h */,
				FA8C8C6E218005DC00C4D8D3 /* AutocompleteService.m */,
			);
			path = ObjC;
			sourceTree = "<group>";
		};
		FA8C8C7021800B1600C4D8D3 /* Solution */ = {
			isa = PBXGroup;
			children = (
				FA8C8C7121800B1600C4D8D3 /* SolutionTypeaheadViewController.swift */,
				FA8C8C7321800B3000C4D8D3 /* SolutionTypeaheadViewController.h */,
				FA8C8C7421800B3000C4D8D3 /* SolutionTypeaheadViewController.m */,
			);
			path = Solution;
			sourceTree = SOURCE_ROOT;
		};
/* End PBXGroup section */

/* Begin PBXNativeTarget section */
		FA27F59B2140C75D00BDDA9F /* CapitalOneInterview */ = {
			isa = PBXNativeTarget;
			buildConfigurationList = FA27F5C42140C75E00BDDA9F /* Build configuration list for PBXNativeTarget "CapitalOneInterview" */;
			buildPhases = (
				FA27F5982140C75D00BDDA9F /* Sources */,
				FA27F5992140C75D00BDDA9F /* Frameworks */,
				FA27F59A2140C75D00BDDA9F /* Resources */,
			);
			buildRules = (
			);
			dependencies = (
			);
			name = CapitalOneInterview;
			productName = CapitalOneInterview;
			productReference = FA27F59C2140C75D00BDDA9F /* CapitalOneInterview.app */;
			productType = "com.apple.product-type.application";
		};
		FA27F5AF2140C75E00BDDA9F /* CapitalOneInterviewTests */ = {
			isa = PBXNativeTarget;
			buildConfigurationList = FA27F5C72140C75E00BDDA9F /* Build configuration list for PBXNativeTarget "CapitalOneInterviewTests" */;
			buildPhases = (
				FA27F5AC2140C75E00BDDA9F /* Sources */,
				FA27F5AD2140C75E00BDDA9F /* Frameworks */,
				FA27F5AE2140C75E00BDDA9F /* Resources */,
			);
			buildRules = (
			);
			dependencies = (
				FA27F5B22140C75E00BDDA9F /* PBXTargetDependency */,
			);
			name = CapitalOneInterviewTests;
			productName = CapitalOneInterviewTests;
			productReference = FA27F5B02140C75E00BDDA9F /* CapitalOneInterviewTests.xctest */;
			productType = "com.apple.product-type.bundle.unit-test";
		};
		FA27F5BA2140C75E00BDDA9F /* CapitalOneInterviewUITests */ = {
			isa = PBXNativeTarget;
			buildConfigurationList = FA27F5CA2140C75E00BDDA9F /* Build configuration list for PBXNativeTarget "CapitalOneInterviewUITests" */;
			buildPhases = (
				FA27F5B72140C75E00BDDA9F /* Sources */,
				FA27F5B82140C75E00BDDA9F /* Frameworks */,
				FA27F5B92140C75E00BDDA9F /* Resources */,
			);
			buildRules = (
			);
			dependencies = (
				FA27F5BD2140C75E00BDDA9F /* PBXTargetDependency */,
			);
			name = CapitalOneInterviewUITests;
			productName = CapitalOneInterviewUITests;
			productReference = FA27F5BB2140C75E00BDDA9F /* CapitalOneInterviewUITests.xctest */;
			productType = "com.apple.product-type.bundle.ui-testing";
		};
/* End PBXNativeTarget section */

/* Begin PBXProject section */
		FA27F5942140C75C00BDDA9F /* Project object */ = {
			isa = PBXProject;
			attributes = {
				LastSwiftUpdateCheck = 0940;
				LastUpgradeCheck = 0940;
				ORGANIZATIONNAME = "Dan Deng";
				TargetAttributes = {
					FA27F59B2140C75D00BDDA9F = {
						CreatedOnToolsVersion = 9.4.1;
						LastSwiftMigration = 0940;
					};
					FA27F5AF2140C75E00BDDA9F = {
						CreatedOnToolsVersion = 9.4.1;
						TestTargetID = FA27F59B2140C75D00BDDA9F;
					};
					FA27F5BA2140C75E00BDDA9F = {
						CreatedOnToolsVersion = 9.4.1;
						TestTargetID = FA27F59B2140C75D00BDDA9F;
					};
				};
			};
			buildConfigurationList = FA27F5972140C75C00BDDA9F /* Build configuration list for PBXProject "CapitalOneInterview" */;
			compatibilityVersion = "Xcode 9.3";
			developmentRegion = en;
			hasScannedForEncodings = 0;
			knownRegions = (
				en,
				Base,
			);
			mainGroup = FA27F5932140C75C00BDDA9F;
			productRefGroup = FA27F59D2140C75D00BDDA9F /* Products */;
			projectDirPath = "";
			projectRoot = "";
			targets = (
				FA27F59B2140C75D00BDDA9F /* CapitalOneInterview */,
				FA27F5AF2140C75E00BDDA9F /* CapitalOneInterviewTests */,
				FA27F5BA2140C75E00BDDA9F /* CapitalOneInterviewUITests */,
			);
		};
/* End PBXProject section */

/* Begin PBXResourcesBuildPhase section */
		FA27F59A2140C75D00BDDA9F /* Resources */ = {
			isa = PBXResourcesBuildPhase;
			buildActionMask = 2147483647;
			files = (
				FA27F5AA2140C75E00BDDA9F /* LaunchScreen.storyboard in Resources */,
				FA27F5A72140C75E00BDDA9F /* Assets.xcassets in Resources */,
				FA27F5A52140C75D00BDDA9F /* Main.storyboard in Resources */,
			);
			runOnlyForDeploymentPostprocessing = 0;
		};
		FA27F5AE2140C75E00BDDA9F /* Resources */ = {
			isa = PBXResourcesBuildPhase;
			buildActionMask = 2147483647;
			files = (
			);
			runOnlyForDeploymentPostprocessing = 0;
		};
		FA27F5B92140C75E00BDDA9F /* Resources */ = {
			isa = PBXResourcesBuildPhase;
			buildActionMask = 2147483647;
			files = (
			);
			runOnlyForDeploymentPostprocessing = 0;
		};
/* End PBXResourcesBuildPhase section */

/* Begin PBXSourcesBuildPhase section */
		FA27F5982140C75D00BDDA9F /* Sources */ = {
			isa = PBXSourcesBuildPhase;
			buildActionMask = 2147483647;
			files = (
				FA27F5A22140C75D00BDDA9F /* TypeaheadViewController.swift in Sources */,
				FA27F5CE2140C86200BDDA9F /* SearchResult.swift in Sources */,
				FA27F5A02140C75D00BDDA9F /* AppDelegate.swift in Sources */,
				FA8C8C7221800B1600C4D8D3 /* SolutionTypeaheadViewController.swift in Sources */,
				FA8C8C69218000F600C4D8D3 /* SearchResultCell.m in Sources */,
				FA8C8C6F218005DC00C4D8D3 /* AutocompleteService.m in Sources */,
				FA27F5D02140C98300BDDA9F /* AutocompleteService.swift in Sources */,
				FA336D5C217FF8F200C07DBA /* TypeaheadViewController.m in Sources */,
				FA8C8C6C2180024B00C4D8D3 /* SearchResult.m in Sources */,
				FA8C8C7521800B3000C4D8D3 /* SolutionTypeaheadViewController.m in Sources */,
				FA27F5D22140CD1900BDDA9F /* SearchResultCell.swift in Sources */,
			);
			runOnlyForDeploymentPostprocessing = 0;
		};
		FA27F5AC2140C75E00BDDA9F /* Sources */ = {
			isa = PBXSourcesBuildPhase;
			buildActionMask = 2147483647;
			files = (
				FA27F5B52140C75E00BDDA9F /* CapitalOneInterviewTests.swift in Sources */,
			);
			runOnlyForDeploymentPostprocessing = 0;
		};
		FA27F5B72140C75E00BDDA9F /* Sources */ = {
			isa = PBXSourcesBuildPhase;
			buildActionMask = 2147483647;
			files = (
				FA27F5C02140C75E00BDDA9F /* CapitalOneInterviewUITests.swift in Sources */,
			);
			runOnlyForDeploymentPostprocessing = 0;
		};
/* End PBXSourcesBuildPhase section */

/* Begin PBXTargetDependency section */
		FA27F5B22140C75E00BDDA9F /* PBXTargetDependency */ = {
			isa = PBXTargetDependency;
			target = FA27F59B2140C75D00BDDA9F /* CapitalOneInterview */;
			targetProxy = FA27F5B12140C75E00BDDA9F /* PBXContainerItemProxy */;
		};
		FA27F5BD2140C75E00BDDA9F /* PBXTargetDependency */ = {
			isa = PBXTargetDependency;
			target = FA27F59B2140C75D00BDDA9F /* CapitalOneInterview */;
			targetProxy = FA27F5BC2140C75E00BDDA9F /* PBXContainerItemProxy */;
		};
/* End PBXTargetDependency section */

/* Begin PBXVariantGroup section */
		FA27F5A32140C75D00BDDA9F /* Main.storyboard */ = {
			isa = PBXVariantGroup;
			children = (
				FA27F5A42140C75D00BDDA9F /* Base */,
			);
			name = Main.storyboard;
			sourceTree = "<group>";
		};
		FA27F5A82140C75E00BDDA9F /* LaunchScreen.storyboard */ = {
			isa = PBXVariantGroup;
			children = (
				FA27F5A92140C75E00BDDA9F /* Base */,
			);
			name = LaunchScreen.storyboard;
			sourceTree = "<group>";
		};
/* End PBXVariantGroup section */

/* Begin XCBuildConfiguration section */
		FA27F5C22140C75E00BDDA9F /* Debug */ = {
			isa = XCBuildConfiguration;
			buildSettings = {
				ALWAYS_SEARCH_USER_PATHS = NO;
				CLANG_ANALYZER_NONNULL = YES;
				CLANG_ANALYZER_NUMBER_OBJECT_CONVERSION = YES_AGGRESSIVE;
				CLANG_CXX_LANGUAGE_STANDARD = "gnu++14";
				CLANG_CXX_LIBRARY = "libc++";
				CLANG_ENABLE_MODULES = YES;
				CLANG_ENABLE_OBJC_ARC = YES;
				CLANG_ENABLE_OBJC_WEAK = YES;
				CLANG_WARN_BLOCK_CAPTURE_AUTORELEASING = YES;
				CLANG_WARN_BOOL_CONVERSION = YES;
				CLANG_WARN_COMMA = YES;
				CLANG_WARN_CONSTANT_CONVERSION = YES;
				CLANG_WARN_DEPRECATED_OBJC_IMPLEMENTATIONS = YES;
				CLANG_WARN_DIRECT_OBJC_ISA_USAGE = YES_ERROR;
				CLANG_WARN_DOCUMENTATION_COMMENTS = YES;
				CLANG_WARN_EMPTY_BODY = YES;
				CLANG_WARN_ENUM_CONVERSION = YES;
				CLANG_WARN_INFINITE_RECURSION = YES;
				CLANG_WARN_INT_CONVERSION = YES;
				CLANG_WARN_NON_LITERAL_NULL_CONVERSION = YES;
				CLANG_WARN_OBJC_IMPLICIT_RETAIN_SELF = YES;
				CLANG_WARN_OBJC_LITERAL_CONVERSION = YES;
				CLANG_WARN_OBJC_ROOT_CLASS = YES_ERROR;
				CLANG_WARN_RANGE_LOOP_ANALYSIS = YES;
				CLANG_WARN_STRICT_PROTOTYPES = YES;
				CLANG_WARN_SUSPICIOUS_MOVE = YES;
				CLANG_WARN_UNGUARDED_AVAILABILITY = YES_AGGRESSIVE;
				CLANG_WARN_UNREACHABLE_CODE = YES;
				CLANG_WARN__DUPLICATE_METHOD_MATCH = YES;
				CODE_SIGN_IDENTITY = "iPhone Developer";
				COPY_PHASE_STRIP = NO;
				DEBUG_INFORMATION_FORMAT = dwarf;
				ENABLE_STRICT_OBJC_MSGSEND = YES;
				ENABLE_TESTABILITY = YES;
				GCC_C_LANGUAGE_STANDARD = gnu11;
				GCC_DYNAMIC_NO_PIC = NO;
				GCC_NO_COMMON_BLOCKS = YES;
				GCC_OPTIMIZATION_LEVEL = 0;
				GCC_PREPROCESSOR_DEFINITIONS = (
					"DEBUG=1",
					"$(inherited)",
				);
				GCC_WARN_64_TO_32_BIT_CONVERSION = YES;
				GCC_WARN_ABOUT_RETURN_TYPE = YES_ERROR;
				GCC_WARN_UNDECLARED_SELECTOR = YES;
				GCC_WARN_UNINITIALIZED_AUTOS = YES_AGGRESSIVE;
				GCC_WARN_UNUSED_FUNCTION = YES;
				GCC_WARN_UNUSED_VARIABLE = YES;
				IPHONEOS_DEPLOYMENT_TARGET = 11.4;
				MTL_ENABLE_DEBUG_INFO = YES;
				ONLY_ACTIVE_ARCH = YES;
				SDKROOT = iphoneos;
				SWIFT_ACTIVE_COMPILATION_CONDITIONS = DEBUG;
				SWIFT_OPTIMIZATION_LEVEL = "-Onone";
			};
			name = Debug;
		};
		FA27F5C32140C75E00BDDA9F /* Release */ = {
			isa = XCBuildConfiguration;
			buildSettings = {
				ALWAYS_SEARCH_USER_PATHS = NO;
				CLANG_ANALYZER_NONNULL = YES;
				CLANG_ANALYZER_NUMBER_OBJECT_CONVERSION = YES_AGGRESSIVE;
				CLANG_CXX_LANGUAGE_STANDARD = "gnu++14";
				CLANG_CXX_LIBRARY = "libc++";
				CLANG_ENABLE_MODULES = YES;
				CLANG_ENABLE_OBJC_ARC = YES;
				CLANG_ENABLE_OBJC_WEAK = YES;
				CLANG_WARN_BLOCK_CAPTURE_AUTORELEASING = YES;
				CLANG_WARN_BOOL_CONVERSION = YES;
				CLANG_WARN_COMMA = YES;
				CLANG_WARN_CONSTANT_CONVERSION = YES;
				CLANG_WARN_DEPRECATED_OBJC_IMPLEMENTATIONS = YES;
				CLANG_WARN_DIRECT_OBJC_ISA_USAGE = YES_ERROR;
				CLANG_WARN_DOCUMENTATION_COMMENTS = YES;
				CLANG_WARN_EMPTY_BODY = YES;
				CLANG_WARN_ENUM_CONVERSION = YES;
				CLANG_WARN_INFINITE_RECURSION = YES;
				CLANG_WARN_INT_CONVERSION = YES;
				CLANG_WARN_NON_LITERAL_NULL_CONVERSION = YES;
				CLANG_WARN_OBJC_IMPLICIT_RETAIN_SELF = YES;
				CLANG_WARN_OBJC_LITERAL_CONVERSION = YES;
				CLANG_WARN_OBJC_ROOT_CLASS = YES_ERROR;
				CLANG_WARN_RANGE_LOOP_ANALYSIS = YES;
				CLANG_WARN_STRICT_PROTOTYPES = YES;
				CLANG_WARN_SUSPICIOUS_MOVE = YES;
				CLANG_WARN_UNGUARDED_AVAILABILITY = YES_AGGRESSIVE;
				CLANG_WARN_UNREACHABLE_CODE = YES;
				CLANG_WARN__DUPLICATE_METHOD_MATCH = YES;
				CODE_SIGN_IDENTITY = "iPhone Developer";
				COPY_PHASE_STRIP = NO;
				DEBUG_INFORMATION_FORMAT = "dwarf-with-dsym";
				ENABLE_NS_ASSERTIONS = NO;
				ENABLE_STRICT_OBJC_MSGSEND = YES;
				GCC_C_LANGUAGE_STANDARD = gnu11;
				GCC_NO_COMMON_BLOCKS = YES;
				GCC_WARN_64_TO_32_BIT_CONVERSION = YES;
				GCC_WARN_ABOUT_RETURN_TYPE = YES_ERROR;
				GCC_WARN_UNDECLARED_SELECTOR = YES;
				GCC_WARN_UNINITIALIZED_AUTOS = YES_AGGRESSIVE;
				GCC_WARN_UNUSED_FUNCTION = YES;
				GCC_WARN_UNUSED_VARIABLE = YES;
				IPHONEOS_DEPLOYMENT_TARGET = 11.4;
				MTL_ENABLE_DEBUG_INFO = NO;
				SDKROOT = iphoneos;
				SWIFT_COMPILATION_MODE = wholemodule;
				SWIFT_OPTIMIZATION_LEVEL = "-O";
				VALIDATE_PRODUCT = YES;
			};
			name = Release;
		};
		FA27F5C52140C75E00BDDA9F /* Debug */ = {
			isa = XCBuildConfiguration;
			buildSettings = {
				ASSETCATALOG_COMPILER_APPICON_NAME = AppIcon;
				CLANG_ENABLE_MODULES = YES;
				CODE_SIGN_STYLE = Automatic;
				INFOPLIST_FILE = CapitalOneInterview/Info.plist;
				LD_RUNPATH_SEARCH_PATHS = (
					"$(inherited)",
					"@executable_path/Frameworks",
				);
				PRODUCT_BUNDLE_IDENTIFIER = DanDeng.CapitalOneInterview;
				PRODUCT_NAME = "$(TARGET_NAME)";
				SWIFT_OBJC_BRIDGING_HEADER = "CapitalOneInterview/CapitalOneInterview-Bridging-Header.h";
				SWIFT_OPTIMIZATION_LEVEL = "-Onone";
				SWIFT_VERSION = 4.0;
				TARGETED_DEVICE_FAMILY = "1,2";
			};
			name = Debug;
		};
		FA27F5C62140C75E00BDDA9F /* Release */ = {
			isa = XCBuildConfiguration;
			buildSettings = {
				ASSETCATALOG_COMPILER_APPICON_NAME = AppIcon;
				CLANG_ENABLE_MODULES = YES;
				CODE_SIGN_STYLE = Automatic;
				INFOPLIST_FILE = CapitalOneInterview/Info.plist;
				LD_RUNPATH_SEARCH_PATHS = (
					"$(inherited)",
					"@executable_path/Frameworks",
				);
				PRODUCT_BUNDLE_IDENTIFIER = DanDeng.CapitalOneInterview;
				PRODUCT_NAME = "$(TARGET_NAME)";
				SWIFT_OBJC_BRIDGING_HEADER = "CapitalOneInterview/CapitalOneInterview-Bridging-Header.h";
				SWIFT_VERSION = 4.0;
				TARGETED_DEVICE_FAMILY = "1,2";
			};
			name = Release;
		};
		FA27F5C82140C75E00BDDA9F /* Debug */ = {
			isa = XCBuildConfiguration;
			buildSettings = {
				ALWAYS_EMBED_SWIFT_STANDARD_LIBRARIES = YES;
				BUNDLE_LOADER = "$(TEST_HOST)";
				CODE_SIGN_STYLE = Automatic;
				INFOPLIST_FILE = CapitalOneInterviewTests/Info.plist;
				LD_RUNPATH_SEARCH_PATHS = (
					"$(inherited)",
					"@executable_path/Frameworks",
					"@loader_path/Frameworks",
				);
				PRODUCT_BUNDLE_IDENTIFIER = DanDeng.CapitalOneInterviewTests;
				PRODUCT_NAME = "$(TARGET_NAME)";
				SWIFT_VERSION = 4.0;
				TARGETED_DEVICE_FAMILY = "1,2";
				TEST_HOST = "$(BUILT_PRODUCTS_DIR)/CapitalOneInterview.app/CapitalOneInterview";
			};
			name = Debug;
		};
		FA27F5C92140C75E00BDDA9F /* Release */ = {
			isa = XCBuildConfiguration;
			buildSettings = {
				ALWAYS_EMBED_SWIFT_STANDARD_LIBRARIES = YES;
				BUNDLE_LOADER = "$(TEST_HOST)";
				CODE_SIGN_STYLE = Automatic;
				INFOPLIST_FILE = CapitalOneInterviewTests/Info.plist;
				LD_RUNPATH_SEARCH_PATHS = (
					"$(inherited)",
					"@executable_path/Frameworks",
					"@loader_path/Frameworks",
				);
				PRODUCT_BUNDLE_IDENTIFIER = DanDeng.CapitalOneInterviewTests;
				PRODUCT_NAME = "$(TARGET_NAME)";
				SWIFT_VERSION = 4.0;
				TARGETED_DEVICE_FAMILY = "1,2";
				TEST_HOST = "$(BUILT_PRODUCTS_DIR)/CapitalOneInterview.app/CapitalOneInterview";
			};
			name = Release;
		};
		FA27F5CB2140C75E00BDDA9F /* Debug */ = {
			isa = XCBuildConfiguration;
			buildSettings = {
				ALWAYS_EMBED_SWIFT_STANDARD_LIBRARIES = YES;
				CODE_SIGN_STYLE = Automatic;
				INFOPLIST_FILE = CapitalOneInterviewUITests/Info.plist;
				LD_RUNPATH_SEARCH_PATHS = (
					"$(inherited)",
					"@executable_path/Frameworks",
					"@loader_path/Frameworks",
				);
				PRODUCT_BUNDLE_IDENTIFIER = DanDeng.CapitalOneInterviewUITests;
				PRODUCT_NAME = "$(TARGET_NAME)";
				SWIFT_VERSION = 4.0;
				TARGETED_DEVICE_FAMILY = "1,2";
				TEST_TARGET_NAME = CapitalOneInterview;
			};
			name = Debug;
		};
		FA27F5CC2140C75E00BDDA9F /* Release */ = {
			isa = XCBuildConfiguration;
			buildSettings = {
				ALWAYS_EMBED_SWIFT_STANDARD_LIBRARIES = YES;
				CODE_SIGN_STYLE = Automatic;
				INFOPLIST_FILE = CapitalOneInterviewUITests/Info.plist;
				LD_RUNPATH_SEARCH_PATHS = (
					"$(inherited)",
					"@executable_path/Frameworks",
					"@loader_path/Frameworks",
				);
				PRODUCT_BUNDLE_IDENTIFIER = DanDeng.CapitalOneInterviewUITests;
				PRODUCT_NAME = "$(TARGET_NAME)";
				SWIFT_VERSION = 4.0;
				TARGETED_DEVICE_FAMILY = "1,2";
				TEST_TARGET_NAME = CapitalOneInterview;
			};
			name = Release;
		};
/* End XCBuildConfiguration section */

/* Begin XCConfigurationList section */
		FA27F5972140C75C00BDDA9F /* Build configuration list for PBXProject "CapitalOneInterview" */ = {
			isa = XCConfigurationList;
			buildConfigurations = (
				FA27F5C22140C75E00BDDA9F /* Debug */,
				FA27F5C32140C75E00BDDA9F /* Release */,
			);
			defaultConfigurationIsVisible = 0;
			defaultConfigurationName = Release;
		};
		FA27F5C42140C75E00BDDA9F /* Build configuration list for PBXNativeTarget "CapitalOneInterview" */ = {
			isa = XCConfigurationList;
			buildConfigurations = (
				FA27F5C52140C75E00BDDA9F /* Debug */,
				FA27F5C62140C75E00BDDA9F /* Release */,
			);
			defaultConfigurationIsVisible = 0;
			defaultConfigurationName = Release;
		};
		FA27F5C72140C75E00BDDA9F /* Build configuration list for PBXNativeTarget "CapitalOneInterviewTests" */ = {
			isa = XCConfigurationList;
			buildConfigurations = (
				FA27F5C82140C75E00BDDA9F /* Debug */,
				FA27F5C92140C75E00BDDA9F /* Release */,
			);
			defaultConfigurationIsVisible = 0;
			defaultConfigurationName = Release;
		};
		FA27F5CA2140C75E00BDDA9F /* Build configuration list for PBXNativeTarget "CapitalOneInterviewUITests" */ = {
			isa = XCConfigurationList;
			buildConfigurations = (
				FA27F5CB2140C75E00BDDA9F /* Debug */,
				FA27F5CC2140C75E00BDDA9F /* Release */,
			);
			defaultConfigurationIsVisible = 0;
			defaultConfigurationName = Release;
		};
/* End XCConfigurationList section */
	};
	rootObject = FA27F5942140C75C00BDDA9F /* Project object */;
}
